// !$*UTF8*$!
{
	archiveVersion = 1;
	classes = {
	};
	objectVersion = 50;
	objects = {

/* Begin PBXBuildFile section */
		AB12B6902252050500466986 /* AppDelegate.swift in Sources */ = {isa = PBXBuildFile; fileRef = AB12B68F2252050500466986 /* AppDelegate.swift */; };
		AB12B6922252050500466986 /* ViewController.swift in Sources */ = {isa = PBXBuildFile; fileRef = AB12B6912252050500466986 /* ViewController.swift */; };
		AB12B6952252050500466986 /* Main.storyboard in Resources */ = {isa = PBXBuildFile; fileRef = AB12B6932252050500466986 /* Main.storyboard */; };
		AB12B69A2252050700466986 /* LaunchScreen.storyboard in Resources */ = {isa = PBXBuildFile; fileRef = AB12B6982252050700466986 /* LaunchScreen.storyboard */; };
		AB12B6A22252368D00466986 /* Assets.xcassets in Resources */ = {isa = PBXBuildFile; fileRef = AB12B6A12252368D00466986 /* Assets.xcassets */; };
		AB12B77C2252426000466986 /* DetailViewController.swift in Sources */ = {isa = PBXBuildFile; fileRef = AB12B77B2252426000466986 /* DetailViewController.swift */; };
		AB12B7A42252758500466986 /* russia.png in Resources */ = {isa = PBXBuildFile; fileRef = AB12B7802252758500466986 /* russia.png */; };
		AB12B7A52252758500466986 /* poland.png in Resources */ = {isa = PBXBuildFile; fileRef = AB12B7812252758500466986 /* poland.png */; };
		AB12B7A62252758500466986 /* spain@2x.png in Resources */ = {isa = PBXBuildFile; fileRef = AB12B7822252758500466986 /* spain@2x.png */; };
		AB12B7A72252758500466986 /* nigeria@2x.png in Resources */ = {isa = PBXBuildFile; fileRef = AB12B7832252758500466986 /* nigeria@2x.png */; };
		AB12B7A82252758500466986 /* nigeria@3x.png in Resources */ = {isa = PBXBuildFile; fileRef = AB12B7842252758500466986 /* nigeria@3x.png */; };
		AB12B7A92252758500466986 /* spain@3x.png in Resources */ = {isa = PBXBuildFile; fileRef = AB12B7852252758500466986 /* spain@3x.png */; };
		AB12B7AA2252758500466986 /* estonia.png in Resources */ = {isa = PBXBuildFile; fileRef = AB12B7862252758500466986 /* estonia.png */; };
		AB12B7AB2252758500466986 /* us.png in Resources */ = {isa = PBXBuildFile; fileRef = AB12B7872252758500466986 /* us.png */; };
		AB12B7AC2252758500466986 /* monaco.png in Resources */ = {isa = PBXBuildFile; fileRef = AB12B7882252758500466986 /* monaco.png */; };
		AB12B7AD2252758500466986 /* italy@3x.png in Resources */ = {isa = PBXBuildFile; fileRef = AB12B7892252758500466986 /* italy@3x.png */; };
		AB12B7AE2252758500466986 /* ireland@2x.png in Resources */ = {isa = PBXBuildFile; fileRef = AB12B78A2252758500466986 /* ireland@2x.png */; };
		AB12B7AF2252758500466986 /* germany@3x.png in Resources */ = {isa = PBXBuildFile; fileRef = AB12B78B2252758500466986 /* germany@3x.png */; };
		AB12B7B02252758500466986 /* germany@2x.png in Resources */ = {isa = PBXBuildFile; fileRef = AB12B78C2252758500466986 /* germany@2x.png */; };
		AB12B7B12252758500466986 /* ireland@3x.png in Resources */ = {isa = PBXBuildFile; fileRef = AB12B78D2252758500466986 /* ireland@3x.png */; };
		AB12B7B22252758500466986 /* italy@2x.png in Resources */ = {isa = PBXBuildFile; fileRef = AB12B78E2252758500466986 /* italy@2x.png */; };
		AB12B7B32252758500466986 /* nigeria.png in Resources */ = {isa = PBXBuildFile; fileRef = AB12B78F2252758500466986 /* nigeria.png */; };
		AB12B7B42252758500466986 /* poland@2x.png in Resources */ = {isa = PBXBuildFile; fileRef = AB12B7902252758500466986 /* poland@2x.png */; };
		AB12B7B52252758500466986 /* russia@2x.png in Resources */ = {isa = PBXBuildFile; fileRef = AB12B7912252758500466986 /* russia@2x.png */; };
		AB12B7B62252758500466986 /* estonia@2x.png in Resources */ = {isa = PBXBuildFile; fileRef = AB12B7922252758500466986 /* estonia@2x.png */; };
		AB12B7B72252758500466986 /* germany.png in Resources */ = {isa = PBXBuildFile; fileRef = AB12B7932252758500466986 /* germany.png */; };
		AB12B7B82252758500466986 /* estonia@3x.png in Resources */ = {isa = PBXBuildFile; fileRef = AB12B7942252758500466986 /* estonia@3x.png */; };
		AB12B7B92252758500466986 /* spain.png in Resources */ = {isa = PBXBuildFile; fileRef = AB12B7952252758500466986 /* spain.png */; };
		AB12B7BA2252758500466986 /* russia@3x.png in Resources */ = {isa = PBXBuildFile; fileRef = AB12B7962252758500466986 /* russia@3x.png */; };
		AB12B7BB2252758500466986 /* france.png in Resources */ = {isa = PBXBuildFile; fileRef = AB12B7972252758500466986 /* france.png */; };
		AB12B7BC2252758500466986 /* poland@3x.png in Resources */ = {isa = PBXBuildFile; fileRef = AB12B7982252758500466986 /* poland@3x.png */; };
		AB12B7BD2252758500466986 /* italy.png in Resources */ = {isa = PBXBuildFile; fileRef = AB12B7992252758500466986 /* italy.png */; };
		AB12B7BE2252758500466986 /* uk@3x.png in Resources */ = {isa = PBXBuildFile; fileRef = AB12B79A2252758500466986 /* uk@3x.png */; };
		AB12B7BF2252758500466986 /* us@3x.png in Resources */ = {isa = PBXBuildFile; fileRef = AB12B79B2252758500466986 /* us@3x.png */; };
		AB12B7C02252758500466986 /* uk.png in Resources */ = {isa = PBXBuildFile; fileRef = AB12B79C2252758500466986 /* uk.png */; };
		AB12B7C12252758500466986 /* france@3x.png in Resources */ = {isa = PBXBuildFile; fileRef = AB12B79D2252758500466986 /* france@3x.png */; };
		AB12B7C22252758500466986 /* monaco@2x.png in Resources */ = {isa = PBXBuildFile; fileRef = AB12B79E2252758500466986 /* monaco@2x.png */; };
		AB12B7C32252758500466986 /* monaco@3x.png in Resources */ = {isa = PBXBuildFile; fileRef = AB12B79F2252758500466986 /* monaco@3x.png */; };
		AB12B7C42252758500466986 /* france@2x.png in Resources */ = {isa = PBXBuildFile; fileRef = AB12B7A02252758500466986 /* france@2x.png */; };
		AB12B7C52252758500466986 /* ireland.png in Resources */ = {isa = PBXBuildFile; fileRef = AB12B7A12252758500466986 /* ireland.png */; };
		AB12B7C62252758500466986 /* us@2x.png in Resources */ = {isa = PBXBuildFile; fileRef = AB12B7A22252758500466986 /* us@2x.png */; };
		AB12B7C72252758500466986 /* uk@2x.png in Resources */ = {isa = PBXBuildFile; fileRef = AB12B7A32252758500466986 /* uk@2x.png */; };
/* End PBXBuildFile section */

/* Begin PBXFileReference section */
		AB12B68C2252050500466986 /* Milestone Project 1-3.app */ = {isa = PBXFileReference; explicitFileType = wrapper.application; includeInIndex = 0; path = "Milestone Project 1-3.app"; sourceTree = BUILT_PRODUCTS_DIR; };
		AB12B68F2252050500466986 /* AppDelegate.swift */ = {isa = PBXFileReference; lastKnownFileType = sourcecode.swift; path = AppDelegate.swift; sourceTree = "<group>"; };
		AB12B6912252050500466986 /* ViewController.swift */ = {isa = PBXFileReference; lastKnownFileType = sourcecode.swift; path = ViewController.swift; sourceTree = "<group>"; };
		AB12B6942252050500466986 /* Base */ = {isa = PBXFileReference; lastKnownFileType = file.storyboard; name = Base; path = Base.lproj/Main.storyboard; sourceTree = "<group>"; };
		AB12B6992252050700466986 /* Base */ = {isa = PBXFileReference; lastKnownFileType = file.storyboard; name = Base; path = Base.lproj/LaunchScreen.storyboard; sourceTree = "<group>"; };
		AB12B69B2252050700466986 /* Info.plist */ = {isa = PBXFileReference; lastKnownFileType = text.plist.xml; path = Info.plist; sourceTree = "<group>"; };
		AB12B6A12252368D00466986 /* Assets.xcassets */ = {isa = PBXFileReference; lastKnownFileType = folder.assetcatalog; path = Assets.xcassets; sourceTree = "<group>"; };
		AB12B77B2252426000466986 /* DetailViewController.swift */ = {isa = PBXFileReference; lastKnownFileType = sourcecode.swift; path = DetailViewController.swift; sourceTree = "<group>"; };
		AB12B7802252758500466986 /* russia.png */ = {isa = PBXFileReference; lastKnownFileType = image.png; path = russia.png; sourceTree = "<group>"; };
		AB12B7812252758500466986 /* poland.png */ = {isa = PBXFileReference; lastKnownFileType = image.png; path = poland.png; sourceTree = "<group>"; };
		AB12B7822252758500466986 /* spain@2x.png */ = {isa = PBXFileReference; lastKnownFileType = image.png; path = "spain@2x.png"; sourceTree = "<group>"; };
		AB12B7832252758500466986 /* nigeria@2x.png */ = {isa = PBXFileReference; lastKnownFileType = image.png; path = "nigeria@2x.png"; sourceTree = "<group>"; };
		AB12B7842252758500466986 /* nigeria@3x.png */ = {isa = PBXFileReference; lastKnownFileType = image.png; path = "nigeria@3x.png"; sourceTree = "<group>"; };
		AB12B7852252758500466986 /* spain@3x.png */ = {isa = PBXFileReference; lastKnownFileType = image.png; path = "spain@3x.png"; sourceTree = "<group>"; };
		AB12B7862252758500466986 /* estonia.png */ = {isa = PBXFileReference; lastKnownFileType = image.png; path = estonia.png; sourceTree = "<group>"; };
		AB12B7872252758500466986 /* us.png */ = {isa = PBXFileReference; lastKnownFileType = image.png; path = us.png; sourceTree = "<group>"; };
		AB12B7882252758500466986 /* monaco.png */ = {isa = PBXFileReference; lastKnownFileType = image.png; path = monaco.png; sourceTree = "<group>"; };
		AB12B7892252758500466986 /* italy@3x.png */ = {isa = PBXFileReference; lastKnownFileType = image.png; path = "italy@3x.png"; sourceTree = "<group>"; };
		AB12B78A2252758500466986 /* ireland@2x.png */ = {isa = PBXFileReference; lastKnownFileType = image.png; path = "ireland@2x.png"; sourceTree = "<group>"; };
		AB12B78B2252758500466986 /* germany@3x.png */ = {isa = PBXFileReference; lastKnownFileType = image.png; path = "germany@3x.png"; sourceTree = "<group>"; };
		AB12B78C2252758500466986 /* germany@2x.png */ = {isa = PBXFileReference; lastKnownFileType = image.png; path = "germany@2x.png"; sourceTree = "<group>"; };
		AB12B78D2252758500466986 /* ireland@3x.png */ = {isa = PBXFileReference; lastKnownFileType = image.png; path = "ireland@3x.png"; sourceTree = "<group>"; };
		AB12B78E2252758500466986 /* italy@2x.png */ = {isa = PBXFileReference; lastKnownFileType = image.png; path = "italy@2x.png"; sourceTree = "<group>"; };
		AB12B78F2252758500466986 /* nigeria.png */ = {isa = PBXFileReference; lastKnownFileType = image.png; path = nigeria.png; sourceTree = "<group>"; };
		AB12B7902252758500466986 /* poland@2x.png */ = {isa = PBXFileReference; lastKnownFileType = image.png; path = "poland@2x.png"; sourceTree = "<group>"; };
		AB12B7912252758500466986 /* russia@2x.png */ = {isa = PBXFileReference; lastKnownFileType = image.png; path = "russia@2x.png"; sourceTree = "<group>"; };
		AB12B7922252758500466986 /* estonia@2x.png */ = {isa = PBXFileReference; lastKnownFileType = image.png; path = "estonia@2x.png"; sourceTree = "<group>"; };
		AB12B7932252758500466986 /* germany.png */ = {isa = PBXFileReference; lastKnownFileType = image.png; path = germany.png; sourceTree = "<group>"; };
		AB12B7942252758500466986 /* estonia@3x.png */ = {isa = PBXFileReference; lastKnownFileType = image.png; path = "estonia@3x.png"; sourceTree = "<group>"; };
		AB12B7952252758500466986 /* spain.png */ = {isa = PBXFileReference; lastKnownFileType = image.png; path = spain.png; sourceTree = "<group>"; };
		AB12B7962252758500466986 /* russia@3x.png */ = {isa = PBXFileReference; lastKnownFileType = image.png; path = "russia@3x.png"; sourceTree = "<group>"; };
		AB12B7972252758500466986 /* france.png */ = {isa = PBXFileReference; lastKnownFileType = image.png; path = france.png; sourceTree = "<group>"; };
		AB12B7982252758500466986 /* poland@3x.png */ = {isa = PBXFileReference; lastKnownFileType = image.png; path = "poland@3x.png"; sourceTree = "<group>"; };
		AB12B7992252758500466986 /* italy.png */ = {isa = PBXFileReference; lastKnownFileType = image.png; path = italy.png; sourceTree = "<group>"; };
		AB12B79A2252758500466986 /* uk@3x.png */ = {isa = PBXFileReference; lastKnownFileType = image.png; path = "uk@3x.png"; sourceTree = "<group>"; };
		AB12B79B2252758500466986 /* us@3x.png */ = {isa = PBXFileReference; lastKnownFileType = image.png; path = "us@3x.png"; sourceTree = "<group>"; };
		AB12B79C2252758500466986 /* uk.png */ = {isa = PBXFileReference; lastKnownFileType = image.png; path = uk.png; sourceTree = "<group>"; };
		AB12B79D2252758500466986 /* france@3x.png */ = {isa = PBXFileReference; lastKnownFileType = image.png; path = "france@3x.png"; sourceTree = "<group>"; };
		AB12B79E2252758500466986 /* monaco@2x.png */ = {isa = PBXFileReference; lastKnownFileType = image.png; path = "monaco@2x.png"; sourceTree = "<group>"; };
		AB12B79F2252758500466986 /* monaco@3x.png */ = {isa = PBXFileReference; lastKnownFileType = image.png; path = "monaco@3x.png"; sourceTree = "<group>"; };
		AB12B7A02252758500466986 /* france@2x.png */ = {isa = PBXFileReference; lastKnownFileType = image.png; path = "france@2x.png"; sourceTree = "<group>"; };
		AB12B7A12252758500466986 /* ireland.png */ = {isa = PBXFileReference; lastKnownFileType = image.png; path = ireland.png; sourceTree = "<group>"; };
		AB12B7A22252758500466986 /* us@2x.png */ = {isa = PBXFileReference; lastKnownFileType = image.png; path = "us@2x.png"; sourceTree = "<group>"; };
		AB12B7A32252758500466986 /* uk@2x.png */ = {isa = PBXFileReference; lastKnownFileType = image.png; path = "uk@2x.png"; sourceTree = "<group>"; };
/* End PBXFileReference section */

/* Begin PBXFrameworksBuildPhase section */
		AB12B6892252050500466986 /* Frameworks */ = {
			isa = PBXFrameworksBuildPhase;
			buildActionMask = 2147483647;
			files = (
			);
			runOnlyForDeploymentPostprocessing = 0;
		};
/* End PBXFrameworksBuildPhase section */

/* Begin PBXGroup section */
		AB12B6832252050500466986 = {
			isa = PBXGroup;
			children = (
				AB12B68E2252050500466986 /* Milestone Project 1-3 */,
				AB12B68D2252050500466986 /* Products */,
			);
			sourceTree = "<group>";
		};
		AB12B68D2252050500466986 /* Products */ = {
			isa = PBXGroup;
			children = (
				AB12B68C2252050500466986 /* Milestone Project 1-3.app */,
			);
			name = Products;
			sourceTree = "<group>";
		};
		AB12B68E2252050500466986 /* Milestone Project 1-3 */ = {
			isa = PBXGroup;
			children = (
				AB12B68F2252050500466986 /* AppDelegate.swift */,
				AB12B6912252050500466986 /* ViewController.swift */,
				AB12B77B2252426000466986 /* DetailViewController.swift */,
				AB12B6932252050500466986 /* Main.storyboard */,
				AB12B6982252050700466986 /* LaunchScreen.storyboard */,
				AB12B69B2252050700466986 /* Info.plist */,
				AB12B6A12252368D00466986 /* Assets.xcassets */,
				AB12B77F2252758500466986 /* Content */,
			);
			path = "Milestone Project 1-3";
			sourceTree = "<group>";
		};
		AB12B77F2252758500466986 /* Content */ = {
			isa = PBXGroup;
			children = (
				AB12B7802252758500466986 /* russia.png */,
				AB12B7812252758500466986 /* poland.png */,
				AB12B7822252758500466986 /* spain@2x.png */,
				AB12B7832252758500466986 /* nigeria@2x.png */,
				AB12B7842252758500466986 /* nigeria@3x.png */,
				AB12B7852252758500466986 /* spain@3x.png */,
				AB12B7862252758500466986 /* estonia.png */,
				AB12B7872252758500466986 /* us.png */,
				AB12B7882252758500466986 /* monaco.png */,
				AB12B7892252758500466986 /* italy@3x.png */,
				AB12B78A2252758500466986 /* ireland@2x.png */,
				AB12B78B2252758500466986 /* germany@3x.png */,
				AB12B78C2252758500466986 /* germany@2x.png */,
				AB12B78D2252758500466986 /* ireland@3x.png */,
				AB12B78E2252758500466986 /* italy@2x.png */,
				AB12B78F2252758500466986 /* nigeria.png */,
				AB12B7902252758500466986 /* poland@2x.png */,
				AB12B7912252758500466986 /* russia@2x.png */,
				AB12B7922252758500466986 /* estonia@2x.png */,
				AB12B7932252758500466986 /* germany.png */,
				AB12B7942252758500466986 /* estonia@3x.png */,
				AB12B7952252758500466986 /* spain.png */,
				AB12B7962252758500466986 /* russia@3x.png */,
				AB12B7972252758500466986 /* france.png */,
				AB12B7982252758500466986 /* poland@3x.png */,
				AB12B7992252758500466986 /* italy.png */,
				AB12B79A2252758500466986 /* uk@3x.png */,
				AB12B79B2252758500466986 /* us@3x.png */,
				AB12B79C2252758500466986 /* uk.png */,
				AB12B79D2252758500466986 /* france@3x.png */,
				AB12B79E2252758500466986 /* monaco@2x.png */,
				AB12B79F2252758500466986 /* monaco@3x.png */,
				AB12B7A02252758500466986 /* france@2x.png */,
				AB12B7A12252758500466986 /* ireland.png */,
				AB12B7A22252758500466986 /* us@2x.png */,
				AB12B7A32252758500466986 /* uk@2x.png */,
			);
			path = Content;
			sourceTree = "<group>";
		};
/* End PBXGroup section */

/* Begin PBXNativeTarget section */
		AB12B68B2252050500466986 /* Milestone Project 1-3 */ = {
			isa = PBXNativeTarget;
			buildConfigurationList = AB12B69E2252050700466986 /* Build configuration list for PBXNativeTarget "Milestone Project 1-3" */;
			buildPhases = (
				AB12B6882252050500466986 /* Sources */,
				AB12B6892252050500466986 /* Frameworks */,
				AB12B68A2252050500466986 /* Resources */,
			);
			buildRules = (
			);
			dependencies = (
			);
			name = "Milestone Project 1-3";
			productName = "Milestone Project 1-3";
			productReference = AB12B68C2252050500466986 /* Milestone Project 1-3.app */;
			productType = "com.apple.product-type.application";
		};
/* End PBXNativeTarget section */

/* Begin PBXProject section */
		AB12B6842252050500466986 /* Project object */ = {
			isa = PBXProject;
			attributes = {
				LastSwiftUpdateCheck = 1020;
				LastUpgradeCheck = 1020;
				ORGANIZATIONNAME = Loris;
				TargetAttributes = {
					AB12B68B2252050500466986 = {
						CreatedOnToolsVersion = 10.2;
					};
				};
			};
			buildConfigurationList = AB12B6872252050500466986 /* Build configuration list for PBXProject "Milestone Project 1-3" */;
			compatibilityVersion = "Xcode 9.3";
			developmentRegion = en;
			hasScannedForEncodings = 0;
			knownRegions = (
				en,
				Base,
			);
			mainGroup = AB12B6832252050500466986;
			productRefGroup = AB12B68D2252050500466986 /* Products */;
			projectDirPath = "";
			projectRoot = "";
			targets = (
				AB12B68B2252050500466986 /* Milestone Project 1-3 */,
			);
		};
/* End PBXProject section */

/* Begin PBXResourcesBuildPhase section */
		AB12B68A2252050500466986 /* Resources */ = {
			isa = PBXResourcesBuildPhase;
			buildActionMask = 2147483647;
			files = (
				AB12B7C72252758500466986 /* uk@2x.png in Resources */,
				AB12B7C62252758500466986 /* us@2x.png in Resources */,
				AB12B7A42252758500466986 /* russia.png in Resources */,
				AB12B7A52252758500466986 /* poland.png in Resources */,
				AB12B7AC2252758500466986 /* monaco.png in Resources */,
				AB12B7BE2252758500466986 /* uk@3x.png in Resources */,
				AB12B7BF2252758500466986 /* us@3x.png in Resources */,
				AB12B7C42252758500466986 /* france@2x.png in Resources */,
				AB12B7AF2252758500466986 /* germany@3x.png in Resources */,
				AB12B7B72252758500466986 /* germany.png in Resources */,
				AB12B69A2252050700466986 /* LaunchScreen.storyboard in Resources */,
				AB12B7C32252758500466986 /* monaco@3x.png in Resources */,
				AB12B7AE2252758500466986 /* ireland@2x.png in Resources */,
				AB12B7B12252758500466986 /* ireland@3x.png in Resources */,
				AB12B7A82252758500466986 /* nigeria@3x.png in Resources */,
				AB12B6A22252368D00466986 /* Assets.xcassets in Resources */,
				AB12B7B32252758500466986 /* nigeria.png in Resources */,
				AB12B7B62252758500466986 /* estonia@2x.png in Resources */,
				AB12B7B52252758500466986 /* russia@2x.png in Resources */,
				AB12B7AA2252758500466986 /* estonia.png in Resources */,
				AB12B7B92252758500466986 /* spain.png in Resources */,
				AB12B7C22252758500466986 /* monaco@2x.png in Resources */,
				AB12B7A72252758500466986 /* nigeria@2x.png in Resources */,
				AB12B7A62252758500466986 /* spain@2x.png in Resources */,
				AB12B7B22252758500466986 /* italy@2x.png in Resources */,
				AB12B7C12252758500466986 /* france@3x.png in Resources */,
				AB12B7C52252758500466986 /* ireland.png in Resources */,
				AB12B7A92252758500466986 /* spain@3x.png in Resources */,
				AB12B7AB2252758500466986 /* us.png in Resources */,
				AB12B7B42252758500466986 /* poland@2x.png in Resources */,
				AB12B7BB2252758500466986 /* france.png in Resources */,
				AB12B6952252050500466986 /* Main.storyboard in Resources */,
				AB12B7C02252758500466986 /* uk.png in Resources */,
				AB12B7BA2252758500466986 /* russia@3x.png in Resources */,
				AB12B7B02252758500466986 /* germany@2x.png in Resources */,
				AB12B7BC2252758500466986 /* poland@3x.png in Resources */,
				AB12B7AD2252758500466986 /* italy@3x.png in Resources */,
				AB12B7B82252758500466986 /* estonia@3x.png in Resources */,
				AB12B7BD2252758500466986 /* italy.png in Resources */,
			);
			runOnlyForDeploymentPostprocessing = 0;
		};
/* End PBXResourcesBuildPhase section */

/* Begin PBXSourcesBuildPhase section */
		AB12B6882252050500466986 /* Sources */ = {
			isa = PBXSourcesBuildPhase;
			buildActionMask = 2147483647;
			files = (
				AB12B77C2252426000466986 /* DetailViewController.swift in Sources */,
				AB12B6922252050500466986 /* ViewController.swift in Sources */,
				AB12B6902252050500466986 /* AppDelegate.swift in Sources */,
			);
			runOnlyForDeploymentPostprocessing = 0;
		};
/* End PBXSourcesBuildPhase section */

/* Begin PBXVariantGroup section */
		AB12B6932252050500466986 /* Main.storyboard */ = {
			isa = PBXVariantGroup;
			children = (
				AB12B6942252050500466986 /* Base */,
			);
			name = Main.storyboard;
			sourceTree = "<group>";
		};
		AB12B6982252050700466986 /* LaunchScreen.storyboard */ = {
			isa = PBXVariantGroup;
			children = (
				AB12B6992252050700466986 /* Base */,
			);
			name = LaunchScreen.storyboard;
			sourceTree = "<group>";
		};
/* End PBXVariantGroup section */

/* Begin XCBuildConfiguration section */
		AB12B69C2252050700466986 /* Debug */ = {
			isa = XCBuildConfiguration;
			buildSettings = {
				ALWAYS_SEARCH_USER_PATHS = NO;
				CLANG_ANALYZER_NONNULL = YES;
				CLANG_ANALYZER_NUMBER_OBJECT_CONVERSION = YES_AGGRESSIVE;
				CLANG_CXX_LANGUAGE_STANDARD = "gnu++14";
				CLANG_CXX_LIBRARY = "libc++";
				CLANG_ENABLE_MODULES = YES;
				CLANG_ENABLE_OBJC_ARC = YES;
				CLANG_ENABLE_OBJC_WEAK = YES;
				CLANG_WARN_BLOCK_CAPTURE_AUTORELEASING = YES;
				CLANG_WARN_BOOL_CONVERSION = YES;
				CLANG_WARN_COMMA = YES;
				CLANG_WARN_CONSTANT_CONVERSION = YES;
				CLANG_WARN_DEPRECATED_OBJC_IMPLEMENTATIONS = YES;
				CLANG_WARN_DIRECT_OBJC_ISA_USAGE = YES_ERROR;
				CLANG_WARN_DOCUMENTATION_COMMENTS = YES;
				CLANG_WARN_EMPTY_BODY = YES;
				CLANG_WARN_ENUM_CONVERSION = YES;
				CLANG_WARN_INFINITE_RECURSION = YES;
				CLANG_WARN_INT_CONVERSION = YES;
				CLANG_WARN_NON_LITERAL_NULL_CONVERSION = YES;
				CLANG_WARN_OBJC_IMPLICIT_RETAIN_SELF = YES;
				CLANG_WARN_OBJC_LITERAL_CONVERSION = YES;
				CLANG_WARN_OBJC_ROOT_CLASS = YES_ERROR;
				CLANG_WARN_RANGE_LOOP_ANALYSIS = YES;
				CLANG_WARN_STRICT_PROTOTYPES = YES;
				CLANG_WARN_SUSPICIOUS_MOVE = YES;
				CLANG_WARN_UNGUARDED_AVAILABILITY = YES_AGGRESSIVE;
				CLANG_WARN_UNREACHABLE_CODE = YES;
				CLANG_WARN__DUPLICATE_METHOD_MATCH = YES;
				CODE_SIGN_IDENTITY = "iPhone Developer";
				COPY_PHASE_STRIP = NO;
				DEBUG_INFORMATION_FORMAT = dwarf;
				ENABLE_STRICT_OBJC_MSGSEND = YES;
				ENABLE_TESTABILITY = YES;
				GCC_C_LANGUAGE_STANDARD = gnu11;
				GCC_DYNAMIC_NO_PIC = NO;
				GCC_NO_COMMON_BLOCKS = YES;
				GCC_OPTIMIZATION_LEVEL = 0;
				GCC_PREPROCESSOR_DEFINITIONS = (
					"DEBUG=1",
					"$(inherited)",
				);
				GCC_WARN_64_TO_32_BIT_CONVERSION = YES;
				GCC_WARN_ABOUT_RETURN_TYPE = YES_ERROR;
				GCC_WARN_UNDECLARED_SELECTOR = YES;
				GCC_WARN_UNINITIALIZED_AUTOS = YES_AGGRESSIVE;
				GCC_WARN_UNUSED_FUNCTION = YES;
				GCC_WARN_UNUSED_VARIABLE = YES;
				IPHONEOS_DEPLOYMENT_TARGET = 12.2;
				MTL_ENABLE_DEBUG_INFO = INCLUDE_SOURCE;
				MTL_FAST_MATH = YES;
				ONLY_ACTIVE_ARCH = YES;
				SDKROOT = iphoneos;
				SWIFT_ACTIVE_COMPILATION_CONDITIONS = DEBUG;
				SWIFT_OPTIMIZATION_LEVEL = "-Onone";
			};
			name = Debug;
		};
		AB12B69D2252050700466986 /* Release */ = {
			isa = XCBuildConfiguration;
			buildSettings = {
				ALWAYS_SEARCH_USER_PATHS = NO;
				CLANG_ANALYZER_NONNULL = YES;
				CLANG_ANALYZER_NUMBER_OBJECT_CONVERSION = YES_AGGRESSIVE;
				CLANG_CXX_LANGUAGE_STANDARD = "gnu++14";
				CLANG_CXX_LIBRARY = "libc++";
				CLANG_ENABLE_MODULES = YES;
				CLANG_ENABLE_OBJC_ARC = YES;
				CLANG_ENABLE_OBJC_WEAK = YES;
				CLANG_WARN_BLOCK_CAPTURE_AUTORELEASING = YES;
				CLANG_WARN_BOOL_CONVERSION = YES;
				CLANG_WARN_COMMA = YES;
				CLANG_WARN_CONSTANT_CONVERSION = YES;
				CLANG_WARN_DEPRECATED_OBJC_IMPLEMENTATIONS = YES;
				CLANG_WARN_DIRECT_OBJC_ISA_USAGE = YES_ERROR;
				CLANG_WARN_DOCUMENTATION_COMMENTS = YES;
				CLANG_WARN_EMPTY_BODY = YES;
				CLANG_WARN_ENUM_CONVERSION = YES;
				CLANG_WARN_INFINITE_RECURSION = YES;
				CLANG_WARN_INT_CONVERSION = YES;
				CLANG_WARN_NON_LITERAL_NULL_CONVERSION = YES;
				CLANG_WARN_OBJC_IMPLICIT_RETAIN_SELF = YES;
				CLANG_WARN_OBJC_LITERAL_CONVERSION = YES;
				CLANG_WARN_OBJC_ROOT_CLASS = YES_ERROR;
				CLANG_WARN_RANGE_LOOP_ANALYSIS = YES;
				CLANG_WARN_STRICT_PROTOTYPES = YES;
				CLANG_WARN_SUSPICIOUS_MOVE = YES;
				CLANG_WARN_UNGUARDED_AVAILABILITY = YES_AGGRESSIVE;
				CLANG_WARN_UNREACHABLE_CODE = YES;
				CLANG_WARN__DUPLICATE_METHOD_MATCH = YES;
				CODE_SIGN_IDENTITY = "iPhone Developer";
				COPY_PHASE_STRIP = NO;
				DEBUG_INFORMATION_FORMAT = "dwarf-with-dsym";
				ENABLE_NS_ASSERTIONS = NO;
				ENABLE_STRICT_OBJC_MSGSEND = YES;
				GCC_C_LANGUAGE_STANDARD = gnu11;
				GCC_NO_COMMON_BLOCKS = YES;
				GCC_WARN_64_TO_32_BIT_CONVERSION = YES;
				GCC_WARN_ABOUT_RETURN_TYPE = YES_ERROR;
				GCC_WARN_UNDECLARED_SELECTOR = YES;
				GCC_WARN_UNINITIALIZED_AUTOS = YES_AGGRESSIVE;
				GCC_WARN_UNUSED_FUNCTION = YES;
				GCC_WARN_UNUSED_VARIABLE = YES;
				IPHONEOS_DEPLOYMENT_TARGET = 12.2;
				MTL_ENABLE_DEBUG_INFO = NO;
				MTL_FAST_MATH = YES;
				SDKROOT = iphoneos;
				SWIFT_COMPILATION_MODE = wholemodule;
				SWIFT_OPTIMIZATION_LEVEL = "-O";
				VALIDATE_PRODUCT = YES;
			};
			name = Release;
		};
		AB12B69F2252050700466986 /* Debug */ = {
			isa = XCBuildConfiguration;
			buildSettings = {
				ASSETCATALOG_COMPILER_APPICON_NAME = AppIcon;
				CODE_SIGN_STYLE = Automatic;
				DEVELOPMENT_TEAM = 7L467ASR92;
				INFOPLIST_FILE = "Milestone Project 1-3/Info.plist";
				LD_RUNPATH_SEARCH_PATHS = (
					"$(inherited)",
					"@executable_path/Frameworks",
				);
				PRODUCT_BUNDLE_IDENTIFIER = "com.loris.Milestone-Project-1-3";
				PRODUCT_NAME = "$(TARGET_NAME)";
				SWIFT_VERSION = 5.0;
				TARGETED_DEVICE_FAMILY = "1,2";
			};
			name = Debug;
		};
		AB12B6A02252050700466986 /* Release */ = {
			isa = XCBuildConfiguration;
			buildSettings = {
				ASSETCATALOG_COMPILER_APPICON_NAME = AppIcon;
				CODE_SIGN_STYLE = Automatic;
				DEVELOPMENT_TEAM = 7L467ASR92;
				INFOPLIST_FILE = "Milestone Project 1-3/Info.plist";
				LD_RUNPATH_SEARCH_PATHS = (
					"$(inherited)",
					"@executable_path/Frameworks",
				);
				PRODUCT_BUNDLE_IDENTIFIER = "com.loris.Milestone-Project-1-3";
				PRODUCT_NAME = "$(TARGET_NAME)";
				SWIFT_VERSION = 5.0;
				TARGETED_DEVICE_FAMILY = "1,2";
			};
			name = Release;
		};
/* End XCBuildConfiguration section */

/* Begin XCConfigurationList section */
		AB12B6872252050500466986 /* Build configuration list for PBXProject "Milestone Project 1-3" */ = {
			isa = XCConfigurationList;
			buildConfigurations = (
				AB12B69C2252050700466986 /* Debug */,
				AB12B69D2252050700466986 /* Release */,
			);
			defaultConfigurationIsVisible = 0;
			defaultConfigurationName = Release;
		};
		AB12B69E2252050700466986 /* Build configuration list for PBXNativeTarget "Milestone Project 1-3" */ = {
			isa = XCConfigurationList;
			buildConfigurations = (
				AB12B69F2252050700466986 /* Debug */,
				AB12B6A02252050700466986 /* Release */,
			);
			defaultConfigurationIsVisible = 0;
			defaultConfigurationName = Release;
		};
/* End XCConfigurationList section */
	};
	rootObject = AB12B6842252050500466986 /* Project object */;
}
