// !$*UTF8*$!
{
	archiveVersion = 1;
	classes = {
	};
	objectVersion = 50;
	objects = {

/* Begin PBXBuildFile section */
		AB2841D2230C39CA0090CA57 /* Card.swift in Sources */ = {isa = PBXBuildFile; fileRef = AB2841D1230C39CA0090CA57 /* Card.swift */; };
		AB437DEB23044B6E00B8EBBD /* AppDelegate.swift in Sources */ = {isa = PBXBuildFile; fileRef = AB437DEA23044B6E00B8EBBD /* AppDelegate.swift */; };
		AB437DED23044B6E00B8EBBD /* ViewController.swift in Sources */ = {isa = PBXBuildFile; fileRef = AB437DEC23044B6E00B8EBBD /* ViewController.swift */; };
		AB437DF023044B6E00B8EBBD /* Main.storyboard in Resources */ = {isa = PBXBuildFile; fileRef = AB437DEE23044B6E00B8EBBD /* Main.storyboard */; };
		AB437DF223044B7000B8EBBD /* Assets.xcassets in Resources */ = {isa = PBXBuildFile; fileRef = AB437DF123044B7000B8EBBD /* Assets.xcassets */; };
		AB437DF523044B7000B8EBBD /* LaunchScreen.storyboard in Resources */ = {isa = PBXBuildFile; fileRef = AB437DF323044B7000B8EBBD /* LaunchScreen.storyboard */; };
/* End PBXBuildFile section */

/* Begin PBXFileReference section */
		AB2841D1230C39CA0090CA57 /* Card.swift */ = {isa = PBXFileReference; lastKnownFileType = sourcecode.swift; path = Card.swift; sourceTree = "<group>"; };
		AB437DE723044B6E00B8EBBD /* Milestone Project 28-30.app */ = {isa = PBXFileReference; explicitFileType = wrapper.application; includeInIndex = 0; path = "Milestone Project 28-30.app"; sourceTree = BUILT_PRODUCTS_DIR; };
		AB437DEA23044B6E00B8EBBD /* AppDelegate.swift */ = {isa = PBXFileReference; lastKnownFileType = sourcecode.swift; path = AppDelegate.swift; sourceTree = "<group>"; };
		AB437DEC23044B6E00B8EBBD /* ViewController.swift */ = {isa = PBXFileReference; lastKnownFileType = sourcecode.swift; path = ViewController.swift; sourceTree = "<group>"; };
		AB437DEF23044B6E00B8EBBD /* Base */ = {isa = PBXFileReference; lastKnownFileType = file.storyboard; name = Base; path = Base.lproj/Main.storyboard; sourceTree = "<group>"; };
		AB437DF123044B7000B8EBBD /* Assets.xcassets */ = {isa = PBXFileReference; lastKnownFileType = folder.assetcatalog; path = Assets.xcassets; sourceTree = "<group>"; };
		AB437DF423044B7000B8EBBD /* Base */ = {isa = PBXFileReference; lastKnownFileType = file.storyboard; name = Base; path = Base.lproj/LaunchScreen.storyboard; sourceTree = "<group>"; };
		AB437DF623044B7000B8EBBD /* Info.plist */ = {isa = PBXFileReference; lastKnownFileType = text.plist.xml; path = Info.plist; sourceTree = "<group>"; };
/* End PBXFileReference section */

/* Begin PBXFrameworksBuildPhase section */
		AB437DE423044B6E00B8EBBD /* Frameworks */ = {
			isa = PBXFrameworksBuildPhase;
			buildActionMask = 2147483647;
			files = (
			);
			runOnlyForDeploymentPostprocessing = 0;
		};
/* End PBXFrameworksBuildPhase section */

/* Begin PBXGroup section */
		AB437DDE23044B6E00B8EBBD = {
			isa = PBXGroup;
			children = (
				AB437DE923044B6E00B8EBBD /* Milestone Project 28-30 */,
				AB437DE823044B6E00B8EBBD /* Products */,
			);
			sourceTree = "<group>";
		};
		AB437DE823044B6E00B8EBBD /* Products */ = {
			isa = PBXGroup;
			children = (
				AB437DE723044B6E00B8EBBD /* Milestone Project 28-30.app */,
			);
			name = Products;
			sourceTree = "<group>";
		};
		AB437DE923044B6E00B8EBBD /* Milestone Project 28-30 */ = {
			isa = PBXGroup;
			children = (
				AB437DEA23044B6E00B8EBBD /* AppDelegate.swift */,
				AB437DEC23044B6E00B8EBBD /* ViewController.swift */,
				AB2841D1230C39CA0090CA57 /* Card.swift */,
				AB437DEE23044B6E00B8EBBD /* Main.storyboard */,
				AB437DF123044B7000B8EBBD /* Assets.xcassets */,
				AB437DF323044B7000B8EBBD /* LaunchScreen.storyboard */,
				AB437DF623044B7000B8EBBD /* Info.plist */,
			);
			path = "Milestone Project 28-30";
			sourceTree = "<group>";
		};
/* End PBXGroup section */

/* Begin PBXNativeTarget section */
		AB437DE623044B6E00B8EBBD /* Milestone Project 28-30 */ = {
			isa = PBXNativeTarget;
			buildConfigurationList = AB437DF923044B7000B8EBBD /* Build configuration list for PBXNativeTarget "Milestone Project 28-30" */;
			buildPhases = (
				AB437DE323044B6E00B8EBBD /* Sources */,
				AB437DE423044B6E00B8EBBD /* Frameworks */,
				AB437DE523044B6E00B8EBBD /* Resources */,
			);
			buildRules = (
			);
			dependencies = (
			);
			name = "Milestone Project 28-30";
			productName = "Milestone Project 28-30";
			productReference = AB437DE723044B6E00B8EBBD /* Milestone Project 28-30.app */;
			productType = "com.apple.product-type.application";
		};
/* End PBXNativeTarget section */

/* Begin PBXProject section */
		AB437DDF23044B6E00B8EBBD /* Project object */ = {
			isa = PBXProject;
			attributes = {
				LastSwiftUpdateCheck = 1030;
				LastUpgradeCheck = 1030;
				ORGANIZATIONNAME = Loris;
				TargetAttributes = {
					AB437DE623044B6E00B8EBBD = {
						CreatedOnToolsVersion = 10.3;
					};
				};
			};
			buildConfigurationList = AB437DE223044B6E00B8EBBD /* Build configuration list for PBXProject "Milestone Project 28-30" */;
			compatibilityVersion = "Xcode 9.3";
			developmentRegion = en;
			hasScannedForEncodings = 0;
			knownRegions = (
				en,
				Base,
			);
			mainGroup = AB437DDE23044B6E00B8EBBD;
			productRefGroup = AB437DE823044B6E00B8EBBD /* Products */;
			projectDirPath = "";
			projectRoot = "";
			targets = (
				AB437DE623044B6E00B8EBBD /* Milestone Project 28-30 */,
			);
		};
/* End PBXProject section */

/* Begin PBXResourcesBuildPhase section */
		AB437DE523044B6E00B8EBBD /* Resources */ = {
			isa = PBXResourcesBuildPhase;
			buildActionMask = 2147483647;
			files = (
				AB437DF523044B7000B8EBBD /* LaunchScreen.storyboard in Resources */,
				AB437DF223044B7000B8EBBD /* Assets.xcassets in Resources */,
				AB437DF023044B6E00B8EBBD /* Main.storyboard in Resources */,
			);
			runOnlyForDeploymentPostprocessing = 0;
		};
/* End PBXResourcesBuildPhase section */

/* Begin PBXSourcesBuildPhase section */
		AB437DE323044B6E00B8EBBD /* Sources */ = {
			isa = PBXSourcesBuildPhase;
			buildActionMask = 2147483647;
			files = (
				AB437DED23044B6E00B8EBBD /* ViewController.swift in Sources */,
				AB2841D2230C39CA0090CA57 /* Card.swift in Sources */,
				AB437DEB23044B6E00B8EBBD /* AppDelegate.swift in Sources */,
			);
			runOnlyForDeploymentPostprocessing = 0;
		};
/* End PBXSourcesBuildPhase section */

/* Begin PBXVariantGroup section */
		AB437DEE23044B6E00B8EBBD /* Main.storyboard */ = {
			isa = PBXVariantGroup;
			children = (
				AB437DEF23044B6E00B8EBBD /* Base */,
			);
			name = Main.storyboard;
			sourceTree = "<group>";
		};
		AB437DF323044B7000B8EBBD /* LaunchScreen.storyboard */ = {
			isa = PBXVariantGroup;
			children = (
				AB437DF423044B7000B8EBBD /* Base */,
			);
			name = LaunchScreen.storyboard;
			sourceTree = "<group>";
		};
/* End PBXVariantGroup section */

/* Begin XCBuildConfiguration section */
		AB437DF723044B7000B8EBBD /* Debug */ = {
			isa = XCBuildConfiguration;
			buildSettings = {
				ALWAYS_SEARCH_USER_PATHS = NO;
				CLANG_ANALYZER_NONNULL = YES;
				CLANG_ANALYZER_NUMBER_OBJECT_CONVERSION = YES_AGGRESSIVE;
				CLANG_CXX_LANGUAGE_STANDARD = "gnu++14";
				CLANG_CXX_LIBRARY = "libc++";
				CLANG_ENABLE_MODULES = YES;
				CLANG_ENABLE_OBJC_ARC = YES;
				CLANG_ENABLE_OBJC_WEAK = YES;
				CLANG_WARN_BLOCK_CAPTURE_AUTORELEASING = YES;
				CLANG_WARN_BOOL_CONVERSION = YES;
				CLANG_WARN_COMMA = YES;
				CLANG_WARN_CONSTANT_CONVERSION = YES;
				CLANG_WARN_DEPRECATED_OBJC_IMPLEMENTATIONS = YES;
				CLANG_WARN_DIRECT_OBJC_ISA_USAGE = YES_ERROR;
				CLANG_WARN_DOCUMENTATION_COMMENTS = YES;
				CLANG_WARN_EMPTY_BODY = YES;
				CLANG_WARN_ENUM_CONVERSION = YES;
				CLANG_WARN_INFINITE_RECURSION = YES;
				CLANG_WARN_INT_CONVERSION = YES;
				CLANG_WARN_NON_LITERAL_NULL_CONVERSION = YES;
				CLANG_WARN_OBJC_IMPLICIT_RETAIN_SELF = YES;
				CLANG_WARN_OBJC_LITERAL_CONVERSION = YES;
				CLANG_WARN_OBJC_ROOT_CLASS = YES_ERROR;
				CLANG_WARN_RANGE_LOOP_ANALYSIS = YES;
				CLANG_WARN_STRICT_PROTOTYPES = YES;
				CLANG_WARN_SUSPICIOUS_MOVE = YES;
				CLANG_WARN_UNGUARDED_AVAILABILITY = YES_AGGRESSIVE;
				CLANG_WARN_UNREACHABLE_CODE = YES;
				CLANG_WARN__DUPLICATE_METHOD_MATCH = YES;
				CODE_SIGN_IDENTITY = "iPhone Developer";
				COPY_PHASE_STRIP = NO;
				DEBUG_INFORMATION_FORMAT = dwarf;
				ENABLE_STRICT_OBJC_MSGSEND = YES;
				ENABLE_TESTABILITY = YES;
				GCC_C_LANGUAGE_STANDARD = gnu11;
				GCC_DYNAMIC_NO_PIC = NO;
				GCC_NO_COMMON_BLOCKS = YES;
				GCC_OPTIMIZATION_LEVEL = 0;
				GCC_PREPROCESSOR_DEFINITIONS = (
					"DEBUG=1",
					"$(inherited)",
				);
				GCC_WARN_64_TO_32_BIT_CONVERSION = YES;
				GCC_WARN_ABOUT_RETURN_TYPE = YES_ERROR;
				GCC_WARN_UNDECLARED_SELECTOR = YES;
				GCC_WARN_UNINITIALIZED_AUTOS = YES_AGGRESSIVE;
				GCC_WARN_UNUSED_FUNCTION = YES;
				GCC_WARN_UNUSED_VARIABLE = YES;
				IPHONEOS_DEPLOYMENT_TARGET = 12.4;
				MTL_ENABLE_DEBUG_INFO = INCLUDE_SOURCE;
				MTL_FAST_MATH = YES;
				ONLY_ACTIVE_ARCH = YES;
				SDKROOT = iphoneos;
				SWIFT_ACTIVE_COMPILATION_CONDITIONS = DEBUG;
				SWIFT_OPTIMIZATION_LEVEL = "-Onone";
			};
			name = Debug;
		};
		AB437DF823044B7000B8EBBD /* Release */ = {
			isa = XCBuildConfiguration;
			buildSettings = {
				ALWAYS_SEARCH_USER_PATHS = NO;
				CLANG_ANALYZER_NONNULL = YES;
				CLANG_ANALYZER_NUMBER_OBJECT_CONVERSION = YES_AGGRESSIVE;
				CLANG_CXX_LANGUAGE_STANDARD = "gnu++14";
				CLANG_CXX_LIBRARY = "libc++";
				CLANG_ENABLE_MODULES = YES;
				CLANG_ENABLE_OBJC_ARC = YES;
				CLANG_ENABLE_OBJC_WEAK = YES;
				CLANG_WARN_BLOCK_CAPTURE_AUTORELEASING = YES;
				CLANG_WARN_BOOL_CONVERSION = YES;
				CLANG_WARN_COMMA = YES;
				CLANG_WARN_CONSTANT_CONVERSION = YES;
				CLANG_WARN_DEPRECATED_OBJC_IMPLEMENTATIONS = YES;
				CLANG_WARN_DIRECT_OBJC_ISA_USAGE = YES_ERROR;
				CLANG_WARN_DOCUMENTATION_COMMENTS = YES;
				CLANG_WARN_EMPTY_BODY = YES;
				CLANG_WARN_ENUM_CONVERSION = YES;
				CLANG_WARN_INFINITE_RECURSION = YES;
				CLANG_WARN_INT_CONVERSION = YES;
				CLANG_WARN_NON_LITERAL_NULL_CONVERSION = YES;
				CLANG_WARN_OBJC_IMPLICIT_RETAIN_SELF = YES;
				CLANG_WARN_OBJC_LITERAL_CONVERSION = YES;
				CLANG_WARN_OBJC_ROOT_CLASS = YES_ERROR;
				CLANG_WARN_RANGE_LOOP_ANALYSIS = YES;
				CLANG_WARN_STRICT_PROTOTYPES = YES;
				CLANG_WARN_SUSPICIOUS_MOVE = YES;
				CLANG_WARN_UNGUARDED_AVAILABILITY = YES_AGGRESSIVE;
				CLANG_WARN_UNREACHABLE_CODE = YES;
				CLANG_WARN__DUPLICATE_METHOD_MATCH = YES;
				CODE_SIGN_IDENTITY = "iPhone Developer";
				COPY_PHASE_STRIP = NO;
				DEBUG_INFORMATION_FORMAT = "dwarf-with-dsym";
				ENABLE_NS_ASSERTIONS = NO;
				ENABLE_STRICT_OBJC_MSGSEND = YES;
				GCC_C_LANGUAGE_STANDARD = gnu11;
				GCC_NO_COMMON_BLOCKS = YES;
				GCC_WARN_64_TO_32_BIT_CONVERSION = YES;
				GCC_WARN_ABOUT_RETURN_TYPE = YES_ERROR;
				GCC_WARN_UNDECLARED_SELECTOR = YES;
				GCC_WARN_UNINITIALIZED_AUTOS = YES_AGGRESSIVE;
				GCC_WARN_UNUSED_FUNCTION = YES;
				GCC_WARN_UNUSED_VARIABLE = YES;
				IPHONEOS_DEPLOYMENT_TARGET = 12.4;
				MTL_ENABLE_DEBUG_INFO = NO;
				MTL_FAST_MATH = YES;
				SDKROOT = iphoneos;
				SWIFT_COMPILATION_MODE = wholemodule;
				SWIFT_OPTIMIZATION_LEVEL = "-O";
				VALIDATE_PRODUCT = YES;
			};
			name = Release;
		};
		AB437DFA23044B7000B8EBBD /* Debug */ = {
			isa = XCBuildConfiguration;
			buildSettings = {
				ASSETCATALOG_COMPILER_APPICON_NAME = AppIcon;
				CODE_SIGN_STYLE = Automatic;
				DEVELOPMENT_TEAM = 7L467ASR92;
				INFOPLIST_FILE = "Milestone Project 28-30/Info.plist";
				LD_RUNPATH_SEARCH_PATHS = (
					"$(inherited)",
					"@executable_path/Frameworks",
				);
				PRODUCT_BUNDLE_IDENTIFIER = "com.loris.Milestone-Project-28-30";
				PRODUCT_NAME = "$(TARGET_NAME)";
				SWIFT_VERSION = 5.0;
				TARGETED_DEVICE_FAMILY = 2;
			};
			name = Debug;
		};
		AB437DFB23044B7000B8EBBD /* Release */ = {
			isa = XCBuildConfiguration;
			buildSettings = {
				ASSETCATALOG_COMPILER_APPICON_NAME = AppIcon;
				CODE_SIGN_STYLE = Automatic;
				DEVELOPMENT_TEAM = 7L467ASR92;
				INFOPLIST_FILE = "Milestone Project 28-30/Info.plist";
				LD_RUNPATH_SEARCH_PATHS = (
					"$(inherited)",
					"@executable_path/Frameworks",
				);
				PRODUCT_BUNDLE_IDENTIFIER = "com.loris.Milestone-Project-28-30";
				PRODUCT_NAME = "$(TARGET_NAME)";
				SWIFT_VERSION = 5.0;
				TARGETED_DEVICE_FAMILY = 2;
			};
			name = Release;
		};
/* End XCBuildConfiguration section */

/* Begin XCConfigurationList section */
		AB437DE223044B6E00B8EBBD /* Build configuration list for PBXProject "Milestone Project 28-30" */ = {
			isa = XCConfigurationList;
			buildConfigurations = (
				AB437DF723044B7000B8EBBD /* Debug */,
				AB437DF823044B7000B8EBBD /* Release */,
			);
			defaultConfigurationIsVisible = 0;
			defaultConfigurationName = Release;
		};
		AB437DF923044B7000B8EBBD /* Build configuration list for PBXNativeTarget "Milestone Project 28-30" */ = {
			isa = XCConfigurationList;
			buildConfigurations = (
				AB437DFA23044B7000B8EBBD /* Debug */,
				AB437DFB23044B7000B8EBBD /* Release */,
			);
			defaultConfigurationIsVisible = 0;
			defaultConfigurationName = Release;
		};
/* End XCConfigurationList section */
	};
	rootObject = AB437DDF23044B6E00B8EBBD /* Project object */;
}
