// !$*UTF8*$!
{
	archiveVersion = 1;
	classes = {
	};
	objectVersion = 50;
	objects = {

/* Begin PBXBuildFile section */
		AB2B2D2822F1867100999BFF /* AppDelegate.swift in Sources */ = {isa = PBXBuildFile; fileRef = AB2B2D2722F1867100999BFF /* AppDelegate.swift */; };
		AB2B2D2A22F1867100999BFF /* GameScene.sks in Resources */ = {isa = PBXBuildFile; fileRef = AB2B2D2922F1867100999BFF /* GameScene.sks */; };
		AB2B2D2E22F1867100999BFF /* GameScene.swift in Sources */ = {isa = PBXBuildFile; fileRef = AB2B2D2D22F1867100999BFF /* GameScene.swift */; };
		AB2B2D3022F1867100999BFF /* GameViewController.swift in Sources */ = {isa = PBXBuildFile; fileRef = AB2B2D2F22F1867100999BFF /* GameViewController.swift */; };
		AB2B2D3322F1867100999BFF /* Main.storyboard in Resources */ = {isa = PBXBuildFile; fileRef = AB2B2D3122F1867100999BFF /* Main.storyboard */; };
		AB2B2D3522F1867300999BFF /* Assets.xcassets in Resources */ = {isa = PBXBuildFile; fileRef = AB2B2D3422F1867300999BFF /* Assets.xcassets */; };
		AB2B2D3822F1867300999BFF /* LaunchScreen.storyboard in Resources */ = {isa = PBXBuildFile; fileRef = AB2B2D3622F1867300999BFF /* LaunchScreen.storyboard */; };
		AB2B2D4022F1890B00999BFF /* BuildingNode.swift in Sources */ = {isa = PBXBuildFile; fileRef = AB2B2D3F22F1890B00999BFF /* BuildingNode.swift */; };
		ABC20F3422F9EA0B00F5D4D9 /* hitBuilding.sks in Resources */ = {isa = PBXBuildFile; fileRef = ABC20F3222F9EA0B00F5D4D9 /* hitBuilding.sks */; };
		ABC20F3522F9EA0B00F5D4D9 /* hitPlayer.sks in Resources */ = {isa = PBXBuildFile; fileRef = ABC20F3322F9EA0B00F5D4D9 /* hitPlayer.sks */; };
/* End PBXBuildFile section */

/* Begin PBXFileReference section */
		AB2B2D2422F1867100999BFF /* Project29.app */ = {isa = PBXFileReference; explicitFileType = wrapper.application; includeInIndex = 0; path = Project29.app; sourceTree = BUILT_PRODUCTS_DIR; };
		AB2B2D2722F1867100999BFF /* AppDelegate.swift */ = {isa = PBXFileReference; lastKnownFileType = sourcecode.swift; path = AppDelegate.swift; sourceTree = "<group>"; };
		AB2B2D2922F1867100999BFF /* GameScene.sks */ = {isa = PBXFileReference; lastKnownFileType = file.sks; path = GameScene.sks; sourceTree = "<group>"; };
		AB2B2D2D22F1867100999BFF /* GameScene.swift */ = {isa = PBXFileReference; lastKnownFileType = sourcecode.swift; path = GameScene.swift; sourceTree = "<group>"; };
		AB2B2D2F22F1867100999BFF /* GameViewController.swift */ = {isa = PBXFileReference; lastKnownFileType = sourcecode.swift; path = GameViewController.swift; sourceTree = "<group>"; };
		AB2B2D3222F1867100999BFF /* Base */ = {isa = PBXFileReference; lastKnownFileType = file.storyboard; name = Base; path = Base.lproj/Main.storyboard; sourceTree = "<group>"; };
		AB2B2D3422F1867300999BFF /* Assets.xcassets */ = {isa = PBXFileReference; lastKnownFileType = folder.assetcatalog; path = Assets.xcassets; sourceTree = "<group>"; };
		AB2B2D3722F1867300999BFF /* Base */ = {isa = PBXFileReference; lastKnownFileType = file.storyboard; name = Base; path = Base.lproj/LaunchScreen.storyboard; sourceTree = "<group>"; };
		AB2B2D3922F1867300999BFF /* Info.plist */ = {isa = PBXFileReference; lastKnownFileType = text.plist.xml; path = Info.plist; sourceTree = "<group>"; };
		AB2B2D3F22F1890B00999BFF /* BuildingNode.swift */ = {isa = PBXFileReference; lastKnownFileType = sourcecode.swift; path = BuildingNode.swift; sourceTree = "<group>"; };
		ABC20F3222F9EA0B00F5D4D9 /* hitBuilding.sks */ = {isa = PBXFileReference; lastKnownFileType = file.sks; path = hitBuilding.sks; sourceTree = "<group>"; };
		ABC20F3322F9EA0B00F5D4D9 /* hitPlayer.sks */ = {isa = PBXFileReference; lastKnownFileType = file.sks; path = hitPlayer.sks; sourceTree = "<group>"; };
/* End PBXFileReference section */

/* Begin PBXFrameworksBuildPhase section */
		AB2B2D2122F1867000999BFF /* Frameworks */ = {
			isa = PBXFrameworksBuildPhase;
			buildActionMask = 2147483647;
			files = (
			);
			runOnlyForDeploymentPostprocessing = 0;
		};
/* End PBXFrameworksBuildPhase section */

/* Begin PBXGroup section */
		AB2B2D1B22F1867000999BFF = {
			isa = PBXGroup;
			children = (
				AB2B2D2622F1867100999BFF /* Project29 */,
				AB2B2D2522F1867100999BFF /* Products */,
			);
			sourceTree = "<group>";
		};
		AB2B2D2522F1867100999BFF /* Products */ = {
			isa = PBXGroup;
			children = (
				AB2B2D2422F1867100999BFF /* Project29.app */,
			);
			name = Products;
			sourceTree = "<group>";
		};
		AB2B2D2622F1867100999BFF /* Project29 */ = {
			isa = PBXGroup;
			children = (
				AB2B2D2722F1867100999BFF /* AppDelegate.swift */,
				AB2B2D2922F1867100999BFF /* GameScene.sks */,
				AB2B2D2D22F1867100999BFF /* GameScene.swift */,
				AB2B2D3F22F1890B00999BFF /* BuildingNode.swift */,
				AB2B2D2F22F1867100999BFF /* GameViewController.swift */,
				AB2B2D3122F1867100999BFF /* Main.storyboard */,
				AB2B2D3422F1867300999BFF /* Assets.xcassets */,
				AB2B2D3622F1867300999BFF /* LaunchScreen.storyboard */,
				AB2B2D3922F1867300999BFF /* Info.plist */,
				ABC20F3222F9EA0B00F5D4D9 /* hitBuilding.sks */,
				ABC20F3322F9EA0B00F5D4D9 /* hitPlayer.sks */,
			);
			path = Project29;
			sourceTree = "<group>";
		};
/* End PBXGroup section */

/* Begin PBXNativeTarget section */
		AB2B2D2322F1867000999BFF /* Project29 */ = {
			isa = PBXNativeTarget;
			buildConfigurationList = AB2B2D3C22F1867300999BFF /* Build configuration list for PBXNativeTarget "Project29" */;
			buildPhases = (
				AB2B2D2022F1867000999BFF /* Sources */,
				AB2B2D2122F1867000999BFF /* Frameworks */,
				AB2B2D2222F1867000999BFF /* Resources */,
			);
			buildRules = (
			);
			dependencies = (
			);
			name = Project29;
			productName = Project29;
			productReference = AB2B2D2422F1867100999BFF /* Project29.app */;
			productType = "com.apple.product-type.application";
		};
/* End PBXNativeTarget section */

/* Begin PBXProject section */
		AB2B2D1C22F1867000999BFF /* Project object */ = {
			isa = PBXProject;
			attributes = {
				LastSwiftUpdateCheck = 1030;
				LastUpgradeCheck = 1030;
				ORGANIZATIONNAME = Loris;
				TargetAttributes = {
					AB2B2D2322F1867000999BFF = {
						CreatedOnToolsVersion = 10.3;
					};
				};
			};
			buildConfigurationList = AB2B2D1F22F1867000999BFF /* Build configuration list for PBXProject "Project29" */;
			compatibilityVersion = "Xcode 9.3";
			developmentRegion = en;
			hasScannedForEncodings = 0;
			knownRegions = (
				en,
				Base,
			);
			mainGroup = AB2B2D1B22F1867000999BFF;
			productRefGroup = AB2B2D2522F1867100999BFF /* Products */;
			projectDirPath = "";
			projectRoot = "";
			targets = (
				AB2B2D2322F1867000999BFF /* Project29 */,
			);
		};
/* End PBXProject section */

/* Begin PBXResourcesBuildPhase section */
		AB2B2D2222F1867000999BFF /* Resources */ = {
			isa = PBXResourcesBuildPhase;
			buildActionMask = 2147483647;
			files = (
				AB2B2D3322F1867100999BFF /* Main.storyboard in Resources */,
				ABC20F3422F9EA0B00F5D4D9 /* hitBuilding.sks in Resources */,
				ABC20F3522F9EA0B00F5D4D9 /* hitPlayer.sks in Resources */,
				AB2B2D2A22F1867100999BFF /* GameScene.sks in Resources */,
				AB2B2D3522F1867300999BFF /* Assets.xcassets in Resources */,
				AB2B2D3822F1867300999BFF /* LaunchScreen.storyboard in Resources */,
			);
			runOnlyForDeploymentPostprocessing = 0;
		};
/* End PBXResourcesBuildPhase section */

/* Begin PBXSourcesBuildPhase section */
		AB2B2D2022F1867000999BFF /* Sources */ = {
			isa = PBXSourcesBuildPhase;
			buildActionMask = 2147483647;
			files = (
				AB2B2D2E22F1867100999BFF /* GameScene.swift in Sources */,
				AB2B2D4022F1890B00999BFF /* BuildingNode.swift in Sources */,
				AB2B2D3022F1867100999BFF /* GameViewController.swift in Sources */,
				AB2B2D2822F1867100999BFF /* AppDelegate.swift in Sources */,
			);
			runOnlyForDeploymentPostprocessing = 0;
		};
/* End PBXSourcesBuildPhase section */

/* Begin PBXVariantGroup section */
		AB2B2D3122F1867100999BFF /* Main.storyboard */ = {
			isa = PBXVariantGroup;
			children = (
				AB2B2D3222F1867100999BFF /* Base */,
			);
			name = Main.storyboard;
			sourceTree = "<group>";
		};
		AB2B2D3622F1867300999BFF /* LaunchScreen.storyboard */ = {
			isa = PBXVariantGroup;
			children = (
				AB2B2D3722F1867300999BFF /* Base */,
			);
			name = LaunchScreen.storyboard;
			sourceTree = "<group>";
		};
/* End PBXVariantGroup section */

/* Begin XCBuildConfiguration section */
		AB2B2D3A22F1867300999BFF /* Debug */ = {
			isa = XCBuildConfiguration;
			buildSettings = {
				ALWAYS_SEARCH_USER_PATHS = NO;
				CLANG_ANALYZER_NONNULL = YES;
				CLANG_ANALYZER_NUMBER_OBJECT_CONVERSION = YES_AGGRESSIVE;
				CLANG_CXX_LANGUAGE_STANDARD = "gnu++14";
				CLANG_CXX_LIBRARY = "libc++";
				CLANG_ENABLE_MODULES = YES;
				CLANG_ENABLE_OBJC_ARC = YES;
				CLANG_ENABLE_OBJC_WEAK = YES;
				CLANG_WARN_BLOCK_CAPTURE_AUTORELEASING = YES;
				CLANG_WARN_BOOL_CONVERSION = YES;
				CLANG_WARN_COMMA = YES;
				CLANG_WARN_CONSTANT_CONVERSION = YES;
				CLANG_WARN_DEPRECATED_OBJC_IMPLEMENTATIONS = YES;
				CLANG_WARN_DIRECT_OBJC_ISA_USAGE = YES_ERROR;
				CLANG_WARN_DOCUMENTATION_COMMENTS = YES;
				CLANG_WARN_EMPTY_BODY = YES;
				CLANG_WARN_ENUM_CONVERSION = YES;
				CLANG_WARN_INFINITE_RECURSION = YES;
				CLANG_WARN_INT_CONVERSION = YES;
				CLANG_WARN_NON_LITERAL_NULL_CONVERSION = YES;
				CLANG_WARN_OBJC_IMPLICIT_RETAIN_SELF = YES;
				CLANG_WARN_OBJC_LITERAL_CONVERSION = YES;
				CLANG_WARN_OBJC_ROOT_CLASS = YES_ERROR;
				CLANG_WARN_RANGE_LOOP_ANALYSIS = YES;
				CLANG_WARN_STRICT_PROTOTYPES = YES;
				CLANG_WARN_SUSPICIOUS_MOVE = YES;
				CLANG_WARN_UNGUARDED_AVAILABILITY = YES_AGGRESSIVE;
				CLANG_WARN_UNREACHABLE_CODE = YES;
				CLANG_WARN__DUPLICATE_METHOD_MATCH = YES;
				CODE_SIGN_IDENTITY = "iPhone Developer";
				COPY_PHASE_STRIP = NO;
				DEBUG_INFORMATION_FORMAT = dwarf;
				ENABLE_STRICT_OBJC_MSGSEND = YES;
				ENABLE_TESTABILITY = YES;
				GCC_C_LANGUAGE_STANDARD = gnu11;
				GCC_DYNAMIC_NO_PIC = NO;
				GCC_NO_COMMON_BLOCKS = YES;
				GCC_OPTIMIZATION_LEVEL = 0;
				GCC_PREPROCESSOR_DEFINITIONS = (
					"DEBUG=1",
					"$(inherited)",
				);
				GCC_WARN_64_TO_32_BIT_CONVERSION = YES;
				GCC_WARN_ABOUT_RETURN_TYPE = YES_ERROR;
				GCC_WARN_UNDECLARED_SELECTOR = YES;
				GCC_WARN_UNINITIALIZED_AUTOS = YES_AGGRESSIVE;
				GCC_WARN_UNUSED_FUNCTION = YES;
				GCC_WARN_UNUSED_VARIABLE = YES;
				IPHONEOS_DEPLOYMENT_TARGET = 12.4;
				MTL_ENABLE_DEBUG_INFO = INCLUDE_SOURCE;
				MTL_FAST_MATH = YES;
				ONLY_ACTIVE_ARCH = YES;
				SDKROOT = iphoneos;
				SWIFT_ACTIVE_COMPILATION_CONDITIONS = DEBUG;
				SWIFT_OPTIMIZATION_LEVEL = "-Onone";
			};
			name = Debug;
		};
		AB2B2D3B22F1867300999BFF /* Release */ = {
			isa = XCBuildConfiguration;
			buildSettings = {
				ALWAYS_SEARCH_USER_PATHS = NO;
				CLANG_ANALYZER_NONNULL = YES;
				CLANG_ANALYZER_NUMBER_OBJECT_CONVERSION = YES_AGGRESSIVE;
				CLANG_CXX_LANGUAGE_STANDARD = "gnu++14";
				CLANG_CXX_LIBRARY = "libc++";
				CLANG_ENABLE_MODULES = YES;
				CLANG_ENABLE_OBJC_ARC = YES;
				CLANG_ENABLE_OBJC_WEAK = YES;
				CLANG_WARN_BLOCK_CAPTURE_AUTORELEASING = YES;
				CLANG_WARN_BOOL_CONVERSION = YES;
				CLANG_WARN_COMMA = YES;
				CLANG_WARN_CONSTANT_CONVERSION = YES;
				CLANG_WARN_DEPRECATED_OBJC_IMPLEMENTATIONS = YES;
				CLANG_WARN_DIRECT_OBJC_ISA_USAGE = YES_ERROR;
				CLANG_WARN_DOCUMENTATION_COMMENTS = YES;
				CLANG_WARN_EMPTY_BODY = YES;
				CLANG_WARN_ENUM_CONVERSION = YES;
				CLANG_WARN_INFINITE_RECURSION = YES;
				CLANG_WARN_INT_CONVERSION = YES;
				CLANG_WARN_NON_LITERAL_NULL_CONVERSION = YES;
				CLANG_WARN_OBJC_IMPLICIT_RETAIN_SELF = YES;
				CLANG_WARN_OBJC_LITERAL_CONVERSION = YES;
				CLANG_WARN_OBJC_ROOT_CLASS = YES_ERROR;
				CLANG_WARN_RANGE_LOOP_ANALYSIS = YES;
				CLANG_WARN_STRICT_PROTOTYPES = YES;
				CLANG_WARN_SUSPICIOUS_MOVE = YES;
				CLANG_WARN_UNGUARDED_AVAILABILITY = YES_AGGRESSIVE;
				CLANG_WARN_UNREACHABLE_CODE = YES;
				CLANG_WARN__DUPLICATE_METHOD_MATCH = YES;
				CODE_SIGN_IDENTITY = "iPhone Developer";
				COPY_PHASE_STRIP = NO;
				DEBUG_INFORMATION_FORMAT = "dwarf-with-dsym";
				ENABLE_NS_ASSERTIONS = NO;
				ENABLE_STRICT_OBJC_MSGSEND = YES;
				GCC_C_LANGUAGE_STANDARD = gnu11;
				GCC_NO_COMMON_BLOCKS = YES;
				GCC_WARN_64_TO_32_BIT_CONVERSION = YES;
				GCC_WARN_ABOUT_RETURN_TYPE = YES_ERROR;
				GCC_WARN_UNDECLARED_SELECTOR = YES;
				GCC_WARN_UNINITIALIZED_AUTOS = YES_AGGRESSIVE;
				GCC_WARN_UNUSED_FUNCTION = YES;
				GCC_WARN_UNUSED_VARIABLE = YES;
				IPHONEOS_DEPLOYMENT_TARGET = 12.4;
				MTL_ENABLE_DEBUG_INFO = NO;
				MTL_FAST_MATH = YES;
				SDKROOT = iphoneos;
				SWIFT_COMPILATION_MODE = wholemodule;
				SWIFT_OPTIMIZATION_LEVEL = "-O";
				VALIDATE_PRODUCT = YES;
			};
			name = Release;
		};
		AB2B2D3D22F1867300999BFF /* Debug */ = {
			isa = XCBuildConfiguration;
			buildSettings = {
				ASSETCATALOG_COMPILER_APPICON_NAME = AppIcon;
				CODE_SIGN_STYLE = Automatic;
				DEVELOPMENT_TEAM = 7L467ASR92;
				INFOPLIST_FILE = Project29/Info.plist;
				LD_RUNPATH_SEARCH_PATHS = (
					"$(inherited)",
					"@executable_path/Frameworks",
				);
				PRODUCT_BUNDLE_IDENTIFIER = com.loris.Project29;
				PRODUCT_NAME = "$(TARGET_NAME)";
				SWIFT_VERSION = 5.0;
				TARGETED_DEVICE_FAMILY = 2;
			};
			name = Debug;
		};
		AB2B2D3E22F1867300999BFF /* Release */ = {
			isa = XCBuildConfiguration;
			buildSettings = {
				ASSETCATALOG_COMPILER_APPICON_NAME = AppIcon;
				CODE_SIGN_STYLE = Automatic;
				DEVELOPMENT_TEAM = 7L467ASR92;
				INFOPLIST_FILE = Project29/Info.plist;
				LD_RUNPATH_SEARCH_PATHS = (
					"$(inherited)",
					"@executable_path/Frameworks",
				);
				PRODUCT_BUNDLE_IDENTIFIER = com.loris.Project29;
				PRODUCT_NAME = "$(TARGET_NAME)";
				SWIFT_VERSION = 5.0;
				TARGETED_DEVICE_FAMILY = 2;
			};
			name = Release;
		};
/* End XCBuildConfiguration section */

/* Begin XCConfigurationList section */
		AB2B2D1F22F1867000999BFF /* Build configuration list for PBXProject "Project29" */ = {
			isa = XCConfigurationList;
			buildConfigurations = (
				AB2B2D3A22F1867300999BFF /* Debug */,
				AB2B2D3B22F1867300999BFF /* Release */,
			);
			defaultConfigurationIsVisible = 0;
			defaultConfigurationName = Release;
		};
		AB2B2D3C22F1867300999BFF /* Build configuration list for PBXNativeTarget "Project29" */ = {
			isa = XCConfigurationList;
			buildConfigurations = (
				AB2B2D3D22F1867300999BFF /* Debug */,
				AB2B2D3E22F1867300999BFF /* Release */,
			);
			defaultConfigurationIsVisible = 0;
			defaultConfigurationName = Release;
		};
/* End XCConfigurationList section */
	};
	rootObject = AB2B2D1C22F1867000999BFF /* Project object */;
}
